
Microsoft Visual Studio Solution File, Format Version 12.00
# Visual Studio Version 17
VisualStudioVersion = 17.5.002.0
MinimumVisualStudioVersion = 10.0.40219.1
Project("{9A19103F-16F7-4668-BE54-9A1E7A4F7556}") = "5.4PA", "5.4PA.csproj", "{BE481168-33CF-4055-B1D2-31F7AD6289F3}"
EndProject
Global
	GlobalSection(SolutionConfigurationPlatforms) = preSolution
		Debug|Any CPU = Debug|Any CPU
		Release|Any CPU = Release|Any CPU
	EndGlobalSection
	GlobalSection(ProjectConfigurationPlatforms) = postSolution
		{BE481168-33CF-4055-B1D2-31F7AD6289F3}.Debug|Any CPU.ActiveCfg = Debug|Any CPU
		{BE481168-33CF-4055-B1D2-31F7AD6289F3}.Debug|Any CPU.Build.0 = Debug|Any CPU
		{BE481168-33CF-4055-B1D2-31F7AD6289F3}.Release|Any CPU.ActiveCfg = Release|Any CPU
		{BE481168-33CF-4055-B1D2-31F7AD6289F3}.Release|Any CPU.Build.0 = Release|Any CPU
	EndGlobalSection
	GlobalSection(SolutionProperties) = preSolution
		HideSolutionNode = FALSE
	EndGlobalSection
	GlobalSection(ExtensibilityGlobals) = postSolution
		SolutionGuid = {554B4402-2BC4-4919-B4DF-3F5532F52004}
	EndGlobalSection
EndGlobal
